
Microsoft Visual Studio Solution File, Format Version 12.00
# Visual Studio Version 17
VisualStudioVersion = 17.14.36518.9 d17.14
MinimumVisualStudioVersion = 10.0.40219.1
Project("{FAE04EC0-301F-11D3-BF4B-00C04F79EFBC}") = "poker", "poker\poker.csproj", "{BFDD5BA3-05C2-457C-83E1-49D527DB9BD7}"
EndProject
Global
	GlobalSection(SolutionConfigurationPlatforms) = preSolution
		Debug|Any CPU = Debug|Any CPU
		Release|Any CPU = Release|Any CPU
	EndGlobalSection
	GlobalSection(ProjectConfigurationPlatforms) = postSolution
		{BFDD5BA3-05C2-457C-83E1-49D527DB9BD7}.Debug|Any CPU.ActiveCfg = Debug|Any CPU
		{BFDD5BA3-05C2-457C-83E1-49D527DB9BD7}.Debug|Any CPU.Build.0 = Debug|Any CPU
		{BFDD5BA3-05C2-457C-83E1-49D527DB9BD7}.Release|Any CPU.ActiveCfg = Release|Any CPU
		{BFDD5BA3-05C2-457C-83E1-49D527DB9BD7}.Release|Any CPU.Build.0 = Release|Any CPU
	EndGlobalSection
	GlobalSection(SolutionProperties) = preSolution
		HideSolutionNode = FALSE
	EndGlobalSection
	GlobalSection(ExtensibilityGlobals) = postSolution
		SolutionGuid = {B03599D4-9C2E-4E2A-8907-B06F3DDC5807}
	EndGlobalSection
EndGlobal
